// !$*UTF8*$!
{
	archiveVersion = 1;
	classes = {
	};
	objectVersion = 46;
	objects = {

/* Begin PBXBuildFile section */
		3497B6F9C5CB5DA3FD7BC972 /* libPods.a in Frameworks */ = {isa = PBXBuildFile; fileRef = 484A6DBB063842755DA2BE72 /* libPods.a */; };
		DC3424CB1BB91391005C28D0 /* User+CoreDataProperties.m in Sources */ = {isa = PBXBuildFile; fileRef = DC3424C81BB91391005C28D0 /* User+CoreDataProperties.m */; settings = {ASSET_TAGS = (); }; };
		DC3424CC1BB91391005C28D0 /* User.m in Sources */ = {isa = PBXBuildFile; fileRef = DC3424CA1BB91391005C28D0 /* User.m */; settings = {ASSET_TAGS = (); }; };
		DC3424E31BB92116005C28D0 /* ConditionInit.m in Sources */ = {isa = PBXBuildFile; fileRef = DC3424E21BB92116005C28D0 /* ConditionInit.m */; settings = {ASSET_TAGS = (); }; };
		DC3424E81BB92155005C28D0 /* Condition+CoreDataProperties.m in Sources */ = {isa = PBXBuildFile; fileRef = DC3424E51BB92155005C28D0 /* Condition+CoreDataProperties.m */; settings = {ASSET_TAGS = (); }; };
		DC3424E91BB92155005C28D0 /* Condition.m in Sources */ = {isa = PBXBuildFile; fileRef = DC3424E71BB92155005C28D0 /* Condition.m */; settings = {ASSET_TAGS = (); }; };
		DC3424EE1BB932B0005C28D0 /* Pictures+CoreDataProperties.m in Sources */ = {isa = PBXBuildFile; fileRef = DC3424EB1BB932B0005C28D0 /* Pictures+CoreDataProperties.m */; settings = {ASSET_TAGS = (); }; };
		DC3424EF1BB932B0005C28D0 /* Pictures.m in Sources */ = {isa = PBXBuildFile; fileRef = DC3424ED1BB932B0005C28D0 /* Pictures.m */; settings = {ASSET_TAGS = (); }; };
		DC3424F41BBA2BF4005C28D0 /* Picture+CoreDataProperties.m in Sources */ = {isa = PBXBuildFile; fileRef = DC3424F11BBA2BF4005C28D0 /* Picture+CoreDataProperties.m */; settings = {ASSET_TAGS = (); }; };
		DC3424F51BBA2BF4005C28D0 /* Picture.m in Sources */ = {isa = PBXBuildFile; fileRef = DC3424F31BBA2BF4005C28D0 /* Picture.m */; settings = {ASSET_TAGS = (); }; };
		DCD4FC401BAA9BC200BD0831 /* Login.m in Sources */ = {isa = PBXBuildFile; fileRef = DCD4FC3F1BAA9BC200BD0831 /* Login.m */; };
		DCD4FC431BAA9CBA00BD0831 /* LoginViewController.m in Sources */ = {isa = PBXBuildFile; fileRef = DCD4FC421BAA9CBA00BD0831 /* LoginViewController.m */; };
		DCD4FC491BAAA0D500BD0831 /* TemporaryUser.m in Sources */ = {isa = PBXBuildFile; fileRef = DCD4FC481BAAA0D500BD0831 /* TemporaryUser.m */; };
		DCD4FC561BAB9ED700BD0831 /* ConditionViewController.m in Sources */ = {isa = PBXBuildFile; fileRef = DCD4FC551BAB9ED700BD0831 /* ConditionViewController.m */; };
		DCD5FEF41BA2AA4A00341183 /* main.m in Sources */ = {isa = PBXBuildFile; fileRef = DCD5FEF31BA2AA4A00341183 /* main.m */; };
		DCD5FEF71BA2AA4A00341183 /* AppDelegate.m in Sources */ = {isa = PBXBuildFile; fileRef = DCD5FEF61BA2AA4A00341183 /* AppDelegate.m */; };
		DCD5FEFA1BA2AA4A00341183 /* ViewController.m in Sources */ = {isa = PBXBuildFile; fileRef = DCD5FEF91BA2AA4A00341183 /* ViewController.m */; };
		DCD5FEFD1BA2AA4A00341183 /* Main.storyboard in Resources */ = {isa = PBXBuildFile; fileRef = DCD5FEFB1BA2AA4A00341183 /* Main.storyboard */; };
		DCD5FEFF1BA2AA4A00341183 /* Images.xcassets in Resources */ = {isa = PBXBuildFile; fileRef = DCD5FEFE1BA2AA4A00341183 /* Images.xcassets */; };
		DCD5FF021BA2AA4A00341183 /* LaunchScreen.xib in Resources */ = {isa = PBXBuildFile; fileRef = DCD5FF001BA2AA4A00341183 /* LaunchScreen.xib */; };
		DCD5FF0E1BA2AA4A00341183 /* PACS_CAMERATests.m in Sources */ = {isa = PBXBuildFile; fileRef = DCD5FF0D1BA2AA4A00341183 /* PACS_CAMERATests.m */; };
		DCD5FF1B1BA659E100341183 /* Model.xcdatamodeld in Sources */ = {isa = PBXBuildFile; fileRef = DCD5FF191BA659E100341183 /* Model.xcdatamodeld */; };
		DCD5FF241BA694E600341183 /* ShowSinglePictureViewController.m in Sources */ = {isa = PBXBuildFile; fileRef = DCD5FF231BA694E600341183 /* ShowSinglePictureViewController.m */; };
		DCD5FF391BA6C89000341183 /* GroupsTableViewController.m in Sources */ = {isa = PBXBuildFile; fileRef = DCD5FF381BA6C89000341183 /* GroupsTableViewController.m */; };
/* End PBXBuildFile section */

/* Begin PBXContainerItemProxy section */
		DCD5FF081BA2AA4A00341183 /* PBXContainerItemProxy */ = {
			isa = PBXContainerItemProxy;
			containerPortal = DCD5FEE61BA2AA4A00341183 /* Project object */;
			proxyType = 1;
			remoteGlobalIDString = DCD5FEED1BA2AA4A00341183;
			remoteInfo = PACS_CAMERA;
		};
/* End PBXContainerItemProxy section */

/* Begin PBXFileReference section */
		2FC675FCE0F4894C67801E91 /* Pods.debug.xcconfig */ = {isa = PBXFileReference; includeInIndex = 1; lastKnownFileType = text.xcconfig; name = Pods.debug.xcconfig; path = "Pods/Target Support Files/Pods/Pods.debug.xcconfig"; sourceTree = "<group>"; };
		484A6DBB063842755DA2BE72 /* libPods.a */ = {isa = PBXFileReference; explicitFileType = archive.ar; includeInIndex = 0; path = libPods.a; sourceTree = BUILT_PRODUCTS_DIR; };
		D5CCDCEE9954F5F8F8035E71 /* Pods.release.xcconfig */ = {isa = PBXFileReference; includeInIndex = 1; lastKnownFileType = text.xcconfig; name = Pods.release.xcconfig; path = "Pods/Target Support Files/Pods/Pods.release.xcconfig"; sourceTree = "<group>"; };
		DC3424C71BB91391005C28D0 /* User+CoreDataProperties.h */ = {isa = PBXFileReference; fileEncoding = 4; lastKnownFileType = sourcecode.c.h; path = "User+CoreDataProperties.h"; sourceTree = "<group>"; };
		DC3424C81BB91391005C28D0 /* User+CoreDataProperties.m */ = {isa = PBXFileReference; fileEncoding = 4; lastKnownFileType = sourcecode.c.objc; path = "User+CoreDataProperties.m"; sourceTree = "<group>"; };
		DC3424C91BB91391005C28D0 /* User.h */ = {isa = PBXFileReference; fileEncoding = 4; lastKnownFileType = sourcecode.c.h; path = User.h; sourceTree = "<group>"; };
		DC3424CA1BB91391005C28D0 /* User.m */ = {isa = PBXFileReference; fileEncoding = 4; lastKnownFileType = sourcecode.c.objc; path = User.m; sourceTree = "<group>"; };
		DC3424E11BB92116005C28D0 /* ConditionInit.h */ = {isa = PBXFileReference; fileEncoding = 4; lastKnownFileType = sourcecode.c.h; path = ConditionInit.h; sourceTree = "<group>"; };
		DC3424E21BB92116005C28D0 /* ConditionInit.m */ = {isa = PBXFileReference; fileEncoding = 4; lastKnownFileType = sourcecode.c.objc; path = ConditionInit.m; sourceTree = "<group>"; };
		DC3424E41BB92155005C28D0 /* Condition+CoreDataProperties.h */ = {isa = PBXFileReference; fileEncoding = 4; lastKnownFileType = sourcecode.c.h; path = "Condition+CoreDataProperties.h"; sourceTree = "<group>"; };
		DC3424E51BB92155005C28D0 /* Condition+CoreDataProperties.m */ = {isa = PBXFileReference; fileEncoding = 4; lastKnownFileType = sourcecode.c.objc; path = "Condition+CoreDataProperties.m"; sourceTree = "<group>"; };
		DC3424E61BB92155005C28D0 /* Condition.h */ = {isa = PBXFileReference; fileEncoding = 4; lastKnownFileType = sourcecode.c.h; path = Condition.h; sourceTree = "<group>"; };
		DC3424E71BB92155005C28D0 /* Condition.m */ = {isa = PBXFileReference; fileEncoding = 4; lastKnownFileType = sourcecode.c.objc; path = Condition.m; sourceTree = "<group>"; };
		DC3424EA1BB932B0005C28D0 /* Pictures+CoreDataProperties.h */ = {isa = PBXFileReference; fileEncoding = 4; lastKnownFileType = sourcecode.c.h; path = "Pictures+CoreDataProperties.h"; sourceTree = "<group>"; };
		DC3424EB1BB932B0005C28D0 /* Pictures+CoreDataProperties.m */ = {isa = PBXFileReference; fileEncoding = 4; lastKnownFileType = sourcecode.c.objc; path = "Pictures+CoreDataProperties.m"; sourceTree = "<group>"; };
		DC3424EC1BB932B0005C28D0 /* Pictures.h */ = {isa = PBXFileReference; fileEncoding = 4; lastKnownFileType = sourcecode.c.h; path = Pictures.h; sourceTree = "<group>"; };
		DC3424ED1BB932B0005C28D0 /* Pictures.m */ = {isa = PBXFileReference; fileEncoding = 4; lastKnownFileType = sourcecode.c.objc; path = Pictures.m; sourceTree = "<group>"; };
		DC3424F01BBA2BF4005C28D0 /* Picture+CoreDataProperties.h */ = {isa = PBXFileReference; fileEncoding = 4; lastKnownFileType = sourcecode.c.h; path = "Picture+CoreDataProperties.h"; sourceTree = "<group>"; };
		DC3424F11BBA2BF4005C28D0 /* Picture+CoreDataProperties.m */ = {isa = PBXFileReference; fileEncoding = 4; lastKnownFileType = sourcecode.c.objc; path = "Picture+CoreDataProperties.m"; sourceTree = "<group>"; };
		DC3424F21BBA2BF4005C28D0 /* Picture.h */ = {isa = PBXFileReference; fileEncoding = 4; lastKnownFileType = sourcecode.c.h; path = Picture.h; sourceTree = "<group>"; };
		DC3424F31BBA2BF4005C28D0 /* Picture.m */ = {isa = PBXFileReference; fileEncoding = 4; lastKnownFileType = sourcecode.c.objc; path = Picture.m; sourceTree = "<group>"; };
		DCD4FC3E1BAA9BC200BD0831 /* Login.h */ = {isa = PBXFileReference; fileEncoding = 4; lastKnownFileType = sourcecode.c.h; path = Login.h; sourceTree = "<group>"; };
		DCD4FC3F1BAA9BC200BD0831 /* Login.m */ = {isa = PBXFileReference; fileEncoding = 4; lastKnownFileType = sourcecode.c.objc; path = Login.m; sourceTree = "<group>"; };
		DCD4FC411BAA9CBA00BD0831 /* LoginViewController.h */ = {isa = PBXFileReference; fileEncoding = 4; lastKnownFileType = sourcecode.c.h; path = LoginViewController.h; sourceTree = "<group>"; };
		DCD4FC421BAA9CBA00BD0831 /* LoginViewController.m */ = {isa = PBXFileReference; fileEncoding = 4; lastKnownFileType = sourcecode.c.objc; path = LoginViewController.m; sourceTree = "<group>"; };
		DCD4FC471BAAA0D500BD0831 /* TemporaryUser.h */ = {isa = PBXFileReference; fileEncoding = 4; lastKnownFileType = sourcecode.c.h; path = TemporaryUser.h; sourceTree = "<group>"; };
		DCD4FC481BAAA0D500BD0831 /* TemporaryUser.m */ = {isa = PBXFileReference; fileEncoding = 4; lastKnownFileType = sourcecode.c.objc; path = TemporaryUser.m; sourceTree = "<group>"; };
		DCD4FC531BAAB01400BD0831 /* WebService.h */ = {isa = PBXFileReference; lastKnownFileType = sourcecode.c.h; path = WebService.h; sourceTree = "<group>"; };
		DCD4FC541BAB9ED700BD0831 /* ConditionViewController.h */ = {isa = PBXFileReference; fileEncoding = 4; lastKnownFileType = sourcecode.c.h; path = ConditionViewController.h; sourceTree = "<group>"; };
		DCD4FC551BAB9ED700BD0831 /* ConditionViewController.m */ = {isa = PBXFileReference; fileEncoding = 4; lastKnownFileType = sourcecode.c.objc; path = ConditionViewController.m; sourceTree = "<group>"; };
		DCD5FEEE1BA2AA4A00341183 /* PACS_CAMERA.app */ = {isa = PBXFileReference; explicitFileType = wrapper.application; includeInIndex = 0; path = PACS_CAMERA.app; sourceTree = BUILT_PRODUCTS_DIR; };
		DCD5FEF21BA2AA4A00341183 /* Info.plist */ = {isa = PBXFileReference; lastKnownFileType = text.plist.xml; path = Info.plist; sourceTree = "<group>"; };
		DCD5FEF31BA2AA4A00341183 /* main.m */ = {isa = PBXFileReference; lastKnownFileType = sourcecode.c.objc; path = main.m; sourceTree = "<group>"; };
		DCD5FEF51BA2AA4A00341183 /* AppDelegate.h */ = {isa = PBXFileReference; lastKnownFileType = sourcecode.c.h; path = AppDelegate.h; sourceTree = "<group>"; };
		DCD5FEF61BA2AA4A00341183 /* AppDelegate.m */ = {isa = PBXFileReference; lastKnownFileType = sourcecode.c.objc; path = AppDelegate.m; sourceTree = "<group>"; };
		DCD5FEF81BA2AA4A00341183 /* ViewController.h */ = {isa = PBXFileReference; lastKnownFileType = sourcecode.c.h; path = ViewController.h; sourceTree = "<group>"; };
		DCD5FEF91BA2AA4A00341183 /* ViewController.m */ = {isa = PBXFileReference; lastKnownFileType = sourcecode.c.objc; path = ViewController.m; sourceTree = "<group>"; };
		DCD5FEFC1BA2AA4A00341183 /* Base */ = {isa = PBXFileReference; lastKnownFileType = file.storyboard; name = Base; path = Base.lproj/Main.storyboard; sourceTree = "<group>"; };
		DCD5FEFE1BA2AA4A00341183 /* Images.xcassets */ = {isa = PBXFileReference; lastKnownFileType = folder.assetcatalog; path = Images.xcassets; sourceTree = "<group>"; };
		DCD5FF011BA2AA4A00341183 /* Base */ = {isa = PBXFileReference; lastKnownFileType = file.xib; name = Base; path = Base.lproj/LaunchScreen.xib; sourceTree = "<group>"; };
		DCD5FF071BA2AA4A00341183 /* PACS_CAMERATests.xctest */ = {isa = PBXFileReference; explicitFileType = wrapper.cfbundle; includeInIndex = 0; path = PACS_CAMERATests.xctest; sourceTree = BUILT_PRODUCTS_DIR; };
		DCD5FF0C1BA2AA4A00341183 /* Info.plist */ = {isa = PBXFileReference; lastKnownFileType = text.plist.xml; path = Info.plist; sourceTree = "<group>"; };
		DCD5FF0D1BA2AA4A00341183 /* PACS_CAMERATests.m */ = {isa = PBXFileReference; lastKnownFileType = sourcecode.c.objc; path = PACS_CAMERATests.m; sourceTree = "<group>"; };
		DCD5FF171BA2AA5F00341183 /* zh-Hans */ = {isa = PBXFileReference; lastKnownFileType = text.plist.strings; name = "zh-Hans"; path = "zh-Hans.lproj/Main.strings"; sourceTree = "<group>"; };
		DCD5FF181BA2AA5F00341183 /* zh-Hans */ = {isa = PBXFileReference; lastKnownFileType = text.plist.strings; name = "zh-Hans"; path = "zh-Hans.lproj/LaunchScreen.strings"; sourceTree = "<group>"; };
		DCD5FF1A1BA659E100341183 /* Model.xcdatamodel */ = {isa = PBXFileReference; lastKnownFileType = wrapper.xcdatamodel; path = Model.xcdatamodel; sourceTree = "<group>"; };
		DCD5FF221BA694E600341183 /* ShowSinglePictureViewController.h */ = {isa = PBXFileReference; fileEncoding = 4; lastKnownFileType = sourcecode.c.h; path = ShowSinglePictureViewController.h; sourceTree = "<group>"; };
		DCD5FF231BA694E600341183 /* ShowSinglePictureViewController.m */ = {isa = PBXFileReference; fileEncoding = 4; lastKnownFileType = sourcecode.c.objc; path = ShowSinglePictureViewController.m; sourceTree = "<group>"; };
		DCD5FF371BA6C89000341183 /* GroupsTableViewController.h */ = {isa = PBXFileReference; fileEncoding = 4; lastKnownFileType = sourcecode.c.h; path = GroupsTableViewController.h; sourceTree = "<group>"; };
		DCD5FF381BA6C89000341183 /* GroupsTableViewController.m */ = {isa = PBXFileReference; fileEncoding = 4; lastKnownFileType = sourcecode.c.objc; path = GroupsTableViewController.m; sourceTree = "<group>"; };
/* End PBXFileReference section */

/* Begin PBXFrameworksBuildPhase section */
		DCD5FEEB1BA2AA4A00341183 /* Frameworks */ = {
			isa = PBXFrameworksBuildPhase;
			buildActionMask = 2147483647;
			files = (
				3497B6F9C5CB5DA3FD7BC972 /* libPods.a in Frameworks */,
			);
			runOnlyForDeploymentPostprocessing = 0;
		};
		DCD5FF041BA2AA4A00341183 /* Frameworks */ = {
			isa = PBXFrameworksBuildPhase;
			buildActionMask = 2147483647;
			files = (
			);
			runOnlyForDeploymentPostprocessing = 0;
		};
/* End PBXFrameworksBuildPhase section */

/* Begin PBXGroup section */
		8DD01AD867D3B1DCA4EAB933 /* Pods */ = {
			isa = PBXGroup;
			children = (
				2FC675FCE0F4894C67801E91 /* Pods.debug.xcconfig */,
				D5CCDCEE9954F5F8F8035E71 /* Pods.release.xcconfig */,
			);
			name = Pods;
			sourceTree = "<group>";
		};
		B3FC74DD9EB5A0690C58AE7C /* Frameworks */ = {
			isa = PBXGroup;
			children = (
				484A6DBB063842755DA2BE72 /* libPods.a */,
			);
			name = Frameworks;
			sourceTree = "<group>";
		};
		DC3424CD1BB9177B005C28D0 /* Login */ = {
			isa = PBXGroup;
			children = (
				DCD4FC411BAA9CBA00BD0831 /* LoginViewController.h */,
				DCD4FC421BAA9CBA00BD0831 /* LoginViewController.m */,
				DCD4FC3E1BAA9BC200BD0831 /* Login.h */,
				DCD4FC3F1BAA9BC200BD0831 /* Login.m */,
			);
			name = Login;
			sourceTree = "<group>";
		};
		DC3424CE1BB9186E005C28D0 /* Condition */ = {
			isa = PBXGroup;
			children = (
				DCD4FC541BAB9ED700BD0831 /* ConditionViewController.h */,
				DCD4FC551BAB9ED700BD0831 /* ConditionViewController.m */,
				DC3424E11BB92116005C28D0 /* ConditionInit.h */,
				DC3424E21BB92116005C28D0 /* ConditionInit.m */,
			);
			name = Condition;
			sourceTree = "<group>";
		};
		DCD4FC441BAA9CDC00BD0831 /* Controller */ = {
			isa = PBXGroup;
			children = (
				DC3424CD1BB9177B005C28D0 /* Login */,
				DCD5FF371BA6C89000341183 /* GroupsTableViewController.h */,
				DCD5FF381BA6C89000341183 /* GroupsTableViewController.m */,
				DC3424CE1BB9186E005C28D0 /* Condition */,
				DCD5FEF81BA2AA4A00341183 /* ViewController.h */,
				DCD5FEF91BA2AA4A00341183 /* ViewController.m */,
				DCD5FF221BA694E600341183 /* ShowSinglePictureViewController.h */,
				DCD5FF231BA694E600341183 /* ShowSinglePictureViewController.m */,
			);
			name = Controller;
			sourceTree = "<group>";
		};
		DCD4FC451BAA9CF900BD0831 /* View */ = {
			isa = PBXGroup;
			children = (
				DCD5FF001BA2AA4A00341183 /* LaunchScreen.xib */,
				DCD5FEFB1BA2AA4A00341183 /* Main.storyboard */,
			);
			name = View;
			sourceTree = "<group>";
		};
		DCD4FC461BAA9D0600BD0831 /* Modal */ = {
			isa = PBXGroup;
			children = (
				DC3424F01BBA2BF4005C28D0 /* Picture+CoreDataProperties.h */,
				DC3424F11BBA2BF4005C28D0 /* Picture+CoreDataProperties.m */,
				DC3424F21BBA2BF4005C28D0 /* Picture.h */,
				DC3424F31BBA2BF4005C28D0 /* Picture.m */,
				DC3424EA1BB932B0005C28D0 /* Pictures+CoreDataProperties.h */,
				DC3424EB1BB932B0005C28D0 /* Pictures+CoreDataProperties.m */,
				DC3424EC1BB932B0005C28D0 /* Pictures.h */,
				DC3424ED1BB932B0005C28D0 /* Pictures.m */,
				DC3424E41BB92155005C28D0 /* Condition+CoreDataProperties.h */,
				DC3424E51BB92155005C28D0 /* Condition+CoreDataProperties.m */,
				DC3424E61BB92155005C28D0 /* Condition.h */,
				DC3424E71BB92155005C28D0 /* Condition.m */,
				DC3424C71BB91391005C28D0 /* User+CoreDataProperties.h */,
				DC3424C81BB91391005C28D0 /* User+CoreDataProperties.m */,
				DC3424C91BB91391005C28D0 /* User.h */,
				DC3424CA1BB91391005C28D0 /* User.m */,
				DCD5FF191BA659E100341183 /* Model.xcdatamodeld */,
				DCD4FC471BAAA0D500BD0831 /* TemporaryUser.h */,
				DCD4FC481BAAA0D500BD0831 /* TemporaryUser.m */,
			);
			name = Modal;
			sourceTree = "<group>";
		};
		DCD5FEE51BA2AA4A00341183 = {
			isa = PBXGroup;
			children = (
				DCD5FEF01BA2AA4A00341183 /* PACS_CAMERA */,
				DCD5FF0A1BA2AA4A00341183 /* PACS_CAMERATests */,
				DCD5FEEF1BA2AA4A00341183 /* Products */,
				8DD01AD867D3B1DCA4EAB933 /* Pods */,
				B3FC74DD9EB5A0690C58AE7C /* Frameworks */,
			);
			sourceTree = "<group>";
		};
		DCD5FEEF1BA2AA4A00341183 /* Products */ = {
			isa = PBXGroup;
			children = (
				DCD5FEEE1BA2AA4A00341183 /* PACS_CAMERA.app */,
				DCD5FF071BA2AA4A00341183 /* PACS_CAMERATests.xctest */,
			);
			name = Products;
			sourceTree = "<group>";
		};
		DCD5FEF01BA2AA4A00341183 /* PACS_CAMERA */ = {
			isa = PBXGroup;
			children = (
				DCD4FC461BAA9D0600BD0831 /* Modal */,
				DCD4FC451BAA9CF900BD0831 /* View */,
				DCD4FC441BAA9CDC00BD0831 /* Controller */,
				DCD5FEF11BA2AA4A00341183 /* Supporting Files */,
				DCD5FEFE1BA2AA4A00341183 /* Images.xcassets */,
			);
			path = PACS_CAMERA;
			sourceTree = "<group>";
		};
		DCD5FEF11BA2AA4A00341183 /* Supporting Files */ = {
			isa = PBXGroup;
			children = (
				DCD5FEF51BA2AA4A00341183 /* AppDelegate.h */,
				DCD5FEF61BA2AA4A00341183 /* AppDelegate.m */,
				DCD5FEF21BA2AA4A00341183 /* Info.plist */,
				DCD5FEF31BA2AA4A00341183 /* main.m */,
				DCD4FC531BAAB01400BD0831 /* WebService.h */,
			);
			name = "Supporting Files";
			sourceTree = "<group>";
		};
		DCD5FF0A1BA2AA4A00341183 /* PACS_CAMERATests */ = {
			isa = PBXGroup;
			children = (
				DCD5FF0D1BA2AA4A00341183 /* PACS_CAMERATests.m */,
				DCD5FF0B1BA2AA4A00341183 /* Supporting Files */,
			);
			path = PACS_CAMERATests;
			sourceTree = "<group>";
		};
		DCD5FF0B1BA2AA4A00341183 /* Supporting Files */ = {
			isa = PBXGroup;
			children = (
				DCD5FF0C1BA2AA4A00341183 /* Info.plist */,
			);
			name = "Supporting Files";
			sourceTree = "<group>";
		};
/* End PBXGroup section */

/* Begin PBXNativeTarget section */
		DCD5FEED1BA2AA4A00341183 /* PACS_CAMERA */ = {
			isa = PBXNativeTarget;
			buildConfigurationList = DCD5FF111BA2AA4A00341183 /* Build configuration list for PBXNativeTarget "PACS_CAMERA" */;
			buildPhases = (
				332865367B102A92F01199D4 /* Check Pods Manifest.lock */,
				DCD5FEEA1BA2AA4A00341183 /* Sources */,
				DCD5FEEB1BA2AA4A00341183 /* Frameworks */,
				DCD5FEEC1BA2AA4A00341183 /* Resources */,
				33DFF7B5BC9911FBED463E20 /* Copy Pods Resources */,
			);
			buildRules = (
			);
			dependencies = (
			);
			name = PACS_CAMERA;
			productName = PACS_CAMERA;
			productReference = DCD5FEEE1BA2AA4A00341183 /* PACS_CAMERA.app */;
			productType = "com.apple.product-type.application";
		};
		DCD5FF061BA2AA4A00341183 /* PACS_CAMERATests */ = {
			isa = PBXNativeTarget;
			buildConfigurationList = DCD5FF141BA2AA4A00341183 /* Build configuration list for PBXNativeTarget "PACS_CAMERATests" */;
			buildPhases = (
				DCD5FF031BA2AA4A00341183 /* Sources */,
				DCD5FF041BA2AA4A00341183 /* Frameworks */,
				DCD5FF051BA2AA4A00341183 /* Resources */,
			);
			buildRules = (
			);
			dependencies = (
				DCD5FF091BA2AA4A00341183 /* PBXTargetDependency */,
			);
			name = PACS_CAMERATests;
			productName = PACS_CAMERATests;
			productReference = DCD5FF071BA2AA4A00341183 /* PACS_CAMERATests.xctest */;
			productType = "com.apple.product-type.bundle.unit-test";
		};
/* End PBXNativeTarget section */

/* Begin PBXProject section */
		DCD5FEE61BA2AA4A00341183 /* Project object */ = {
			isa = PBXProject;
			attributes = {
				LastUpgradeCheck = 0640;
				ORGANIZATIONNAME = "Leiyou Who";
				TargetAttributes = {
					DCD5FEED1BA2AA4A00341183 = {
						CreatedOnToolsVersion = 6.4;
						DevelopmentTeam = CVB2XPEMJL;
					};
					DCD5FF061BA2AA4A00341183 = {
						CreatedOnToolsVersion = 6.4;
						TestTargetID = DCD5FEED1BA2AA4A00341183;
					};
				};
			};
			buildConfigurationList = DCD5FEE91BA2AA4A00341183 /* Build configuration list for PBXProject "PACS_CAMERA" */;
			compatibilityVersion = "Xcode 3.2";
			developmentRegion = English;
			hasScannedForEncodings = 0;
			knownRegions = (
				en,
				Base,
			);
			mainGroup = DCD5FEE51BA2AA4A00341183;
			productRefGroup = DCD5FEEF1BA2AA4A00341183 /* Products */;
			projectDirPath = "";
			projectRoot = "";
			targets = (
				DCD5FEED1BA2AA4A00341183 /* PACS_CAMERA */,
				DCD5FF061BA2AA4A00341183 /* PACS_CAMERATests */,
			);
		};
/* End PBXProject section */

/* Begin PBXResourcesBuildPhase section */
		DCD5FEEC1BA2AA4A00341183 /* Resources */ = {
			isa = PBXResourcesBuildPhase;
			buildActionMask = 2147483647;
			files = (
				DCD5FEFD1BA2AA4A00341183 /* Main.storyboard in Resources */,
				DCD5FF021BA2AA4A00341183 /* LaunchScreen.xib in Resources */,
				DCD5FEFF1BA2AA4A00341183 /* Images.xcassets in Resources */,
			);
			runOnlyForDeploymentPostprocessing = 0;
		};
		DCD5FF051BA2AA4A00341183 /* Resources */ = {
			isa = PBXResourcesBuildPhase;
			buildActionMask = 2147483647;
			files = (
			);
			runOnlyForDeploymentPostprocessing = 0;
		};
/* End PBXResourcesBuildPhase section */

/* Begin PBXShellScriptBuildPhase section */
		332865367B102A92F01199D4 /* Check Pods Manifest.lock */ = {
			isa = PBXShellScriptBuildPhase;
			buildActionMask = 2147483647;
			files = (
			);
			inputPaths = (
			);
			name = "Check Pods Manifest.lock";
			outputPaths = (
			);
			runOnlyForDeploymentPostprocessing = 0;
			shellPath = /bin/sh;
			shellScript = "diff \"${PODS_ROOT}/../Podfile.lock\" \"${PODS_ROOT}/Manifest.lock\" > /dev/null\nif [[ $? != 0 ]] ; then\n    cat << EOM\nerror: The sandbox is not in sync with the Podfile.lock. Run 'pod install' or update your CocoaPods installation.\nEOM\n    exit 1\nfi\n";
			showEnvVarsInLog = 0;
		};
		33DFF7B5BC9911FBED463E20 /* Copy Pods Resources */ = {
			isa = PBXShellScriptBuildPhase;
			buildActionMask = 2147483647;
			files = (
			);
			inputPaths = (
			);
			name = "Copy Pods Resources";
			outputPaths = (
			);
			runOnlyForDeploymentPostprocessing = 0;
			shellPath = /bin/sh;
			shellScript = "\"${SRCROOT}/Pods/Target Support Files/Pods/Pods-resources.sh\"\n";
			showEnvVarsInLog = 0;
		};
/* End PBXShellScriptBuildPhase section */

/* Begin PBXSourcesBuildPhase section */
		DCD5FEEA1BA2AA4A00341183 /* Sources */ = {
			isa = PBXSourcesBuildPhase;
			buildActionMask = 2147483647;
			files = (
				DC3424E31BB92116005C28D0 /* ConditionInit.m in Sources */,
				DCD5FEFA1BA2AA4A00341183 /* ViewController.m in Sources */,
				DC3424F51BBA2BF4005C28D0 /* Picture.m in Sources */,
				DC3424F41BBA2BF4005C28D0 /* Picture+CoreDataProperties.m in Sources */,
				DC3424E81BB92155005C28D0 /* Condition+CoreDataProperties.m in Sources */,
				DC3424EF1BB932B0005C28D0 /* Pictures.m in Sources */,
				DCD5FEF71BA2AA4A00341183 /* AppDelegate.m in Sources */,
				DCD4FC491BAAA0D500BD0831 /* TemporaryUser.m in Sources */,
				DCD5FEF41BA2AA4A00341183 /* main.m in Sources */,
				DC3424CB1BB91391005C28D0 /* User+CoreDataProperties.m in Sources */,
				DCD4FC401BAA9BC200BD0831 /* Login.m in Sources */,
				DCD4FC561BAB9ED700BD0831 /* ConditionViewController.m in Sources */,
				DC3424CC1BB91391005C28D0 /* User.m in Sources */,
				DCD5FF1B1BA659E100341183 /* Model.xcdatamodeld in Sources */,
				DCD5FF241BA694E600341183 /* ShowSinglePictureViewController.m in Sources */,
				DC3424EE1BB932B0005C28D0 /* Pictures+CoreDataProperties.m in Sources */,
				DCD4FC431BAA9CBA00BD0831 /* LoginViewController.m in Sources */,
				DCD5FF391BA6C89000341183 /* GroupsTableViewController.m in Sources */,
				DC3424E91BB92155005C28D0 /* Condition.m in Sources */,
			);
			runOnlyForDeploymentPostprocessing = 0;
		};
		DCD5FF031BA2AA4A00341183 /* Sources */ = {
			isa = PBXSourcesBuildPhase;
			buildActionMask = 2147483647;
			files = (
				DCD5FF0E1BA2AA4A00341183 /* PACS_CAMERATests.m in Sources */,
			);
			runOnlyForDeploymentPostprocessing = 0;
		};
/* End PBXSourcesBuildPhase section */

/* Begin PBXTargetDependency section */
		DCD5FF091BA2AA4A00341183 /* PBXTargetDependency */ = {
			isa = PBXTargetDependency;
			target = DCD5FEED1BA2AA4A00341183 /* PACS_CAMERA */;
			targetProxy = DCD5FF081BA2AA4A00341183 /* PBXContainerItemProxy */;
		};
/* End PBXTargetDependency section */

/* Begin PBXVariantGroup section */
		DCD5FEFB1BA2AA4A00341183 /* Main.storyboard */ = {
			isa = PBXVariantGroup;
			children = (
				DCD5FEFC1BA2AA4A00341183 /* Base */,
				DCD5FF171BA2AA5F00341183 /* zh-Hans */,
			);
			name = Main.storyboard;
			sourceTree = "<group>";
		};
		DCD5FF001BA2AA4A00341183 /* LaunchScreen.xib */ = {
			isa = PBXVariantGroup;
			children = (
				DCD5FF011BA2AA4A00341183 /* Base */,
				DCD5FF181BA2AA5F00341183 /* zh-Hans */,
			);
			name = LaunchScreen.xib;
			sourceTree = "<group>";
		};
/* End PBXVariantGroup section */

/* Begin XCBuildConfiguration section */
		DCD5FF0F1BA2AA4A00341183 /* Debug */ = {
			isa = XCBuildConfiguration;
			buildSettings = {
				ALWAYS_SEARCH_USER_PATHS = NO;
				CLANG_CXX_LANGUAGE_STANDARD = "gnu++0x";
				CLANG_CXX_LIBRARY = "libc++";
				CLANG_ENABLE_MODULES = YES;
				CLANG_ENABLE_OBJC_ARC = YES;
				CLANG_WARN_BOOL_CONVERSION = YES;
				CLANG_WARN_CONSTANT_CONVERSION = YES;
				CLANG_WARN_DIRECT_OBJC_ISA_USAGE = YES_ERROR;
				CLANG_WARN_EMPTY_BODY = YES;
				CLANG_WARN_ENUM_CONVERSION = YES;
				CLANG_WARN_INT_CONVERSION = YES;
				CLANG_WARN_OBJC_ROOT_CLASS = YES_ERROR;
				CLANG_WARN_UNREACHABLE_CODE = YES;
				CLANG_WARN__DUPLICATE_METHOD_MATCH = YES;
				"CODE_SIGN_IDENTITY[sdk=iphoneos*]" = "iPhone Developer";
				COPY_PHASE_STRIP = NO;
				DEBUG_INFORMATION_FORMAT = "dwarf-with-dsym";
				ENABLE_STRICT_OBJC_MSGSEND = YES;
				GCC_C_LANGUAGE_STANDARD = gnu99;
				GCC_DYNAMIC_NO_PIC = NO;
				GCC_NO_COMMON_BLOCKS = YES;
				GCC_OPTIMIZATION_LEVEL = 0;
				GCC_PREPROCESSOR_DEFINITIONS = (
					"DEBUG=1",
					"$(inherited)",
				);
				GCC_SYMBOLS_PRIVATE_EXTERN = NO;
				GCC_WARN_64_TO_32_BIT_CONVERSION = YES;
				GCC_WARN_ABOUT_RETURN_TYPE = YES_ERROR;
				GCC_WARN_UNDECLARED_SELECTOR = YES;
				GCC_WARN_UNINITIALIZED_AUTOS = YES_AGGRESSIVE;
				GCC_WARN_UNUSED_FUNCTION = YES;
				GCC_WARN_UNUSED_VARIABLE = YES;
				IPHONEOS_DEPLOYMENT_TARGET = 8.4;
				MTL_ENABLE_DEBUG_INFO = YES;
				ONLY_ACTIVE_ARCH = YES;
				SDKROOT = iphoneos;
			};
			name = Debug;
		};
		DCD5FF101BA2AA4A00341183 /* Release */ = {
			isa = XCBuildConfiguration;
			buildSettings = {
				ALWAYS_SEARCH_USER_PATHS = NO;
				CLANG_CXX_LANGUAGE_STANDARD = "gnu++0x";
				CLANG_CXX_LIBRARY = "libc++";
				CLANG_ENABLE_MODULES = YES;
				CLANG_ENABLE_OBJC_ARC = YES;
				CLANG_WARN_BOOL_CONVERSION = YES;
				CLANG_WARN_CONSTANT_CONVERSION = YES;
				CLANG_WARN_DIRECT_OBJC_ISA_USAGE = YES_ERROR;
				CLANG_WARN_EMPTY_BODY = YES;
				CLANG_WARN_ENUM_CONVERSION = YES;
				CLANG_WARN_INT_CONVERSION = YES;
				CLANG_WARN_OBJC_ROOT_CLASS = YES_ERROR;
				CLANG_WARN_UNREACHABLE_CODE = YES;
				CLANG_WARN__DUPLICATE_METHOD_MATCH = YES;
				"CODE_SIGN_IDENTITY[sdk=iphoneos*]" = "iPhone Developer";
				COPY_PHASE_STRIP = NO;
				DEBUG_INFORMATION_FORMAT = "dwarf-with-dsym";
				ENABLE_NS_ASSERTIONS = NO;
				ENABLE_STRICT_OBJC_MSGSEND = YES;
				GCC_C_LANGUAGE_STANDARD = gnu99;
				GCC_NO_COMMON_BLOCKS = YES;
				GCC_WARN_64_TO_32_BIT_CONVERSION = YES;
				GCC_WARN_ABOUT_RETURN_TYPE = YES_ERROR;
				GCC_WARN_UNDECLARED_SELECTOR = YES;
				GCC_WARN_UNINITIALIZED_AUTOS = YES_AGGRESSIVE;
				GCC_WARN_UNUSED_FUNCTION = YES;
				GCC_WARN_UNUSED_VARIABLE = YES;
				IPHONEOS_DEPLOYMENT_TARGET = 8.4;
				MTL_ENABLE_DEBUG_INFO = NO;
				SDKROOT = iphoneos;
				VALIDATE_PRODUCT = YES;
			};
			name = Release;
		};
		DCD5FF121BA2AA4A00341183 /* Debug */ = {
			isa = XCBuildConfiguration;
			baseConfigurationReference = 2FC675FCE0F4894C67801E91 /* Pods.debug.xcconfig */;
			buildSettings = {
				ALWAYS_SEARCH_USER_PATHS = NO;
				ASSETCATALOG_COMPILER_APPICON_NAME = AppIcon;
				CODE_SIGN_IDENTITY = "iPhone Developer";
				"CODE_SIGN_IDENTITY[sdk=iphoneos*]" = "iPhone Developer";
				FRAMEWORK_SEARCH_PATHS = "";
				INFOPLIST_FILE = PACS_CAMERA/Info.plist;
				IPHONEOS_DEPLOYMENT_TARGET = 8.0;
				LD_RUNPATH_SEARCH_PATHS = "$(inherited) @executable_path/Frameworks";
				LIBRARY_SEARCH_PATHS = "";
				PRODUCT_NAME = "$(TARGET_NAME)";
				PROVISIONING_PROFILE = "";
				TARGETED_DEVICE_FAMILY = "1,2";
				USER_HEADER_SEARCH_PATHS = "$(PODS_ROOT)/**";
			};
			name = Debug;
		};
		DCD5FF131BA2AA4A00341183 /* Release */ = {
			isa = XCBuildConfiguration;
			baseConfigurationReference = D5CCDCEE9954F5F8F8035E71 /* Pods.release.xcconfig */;
			buildSettings = {
				ALWAYS_SEARCH_USER_PATHS = NO;
				ASSETCATALOG_COMPILER_APPICON_NAME = AppIcon;
				CODE_SIGN_IDENTITY = "iPhone Developer";
				"CODE_SIGN_IDENTITY[sdk=iphoneos*]" = "iPhone Developer";
				FRAMEWORK_SEARCH_PATHS = "";
				INFOPLIST_FILE = PACS_CAMERA/Info.plist;
				IPHONEOS_DEPLOYMENT_TARGET = 8.0;
				LD_RUNPATH_SEARCH_PATHS = "$(inherited) @executable_path/Frameworks";
				PRODUCT_NAME = "$(TARGET_NAME)";
				PROVISIONING_PROFILE = "";
				TARGETED_DEVICE_FAMILY = "1,2";
				USER_HEADER_SEARCH_PATHS = "$(PODS_ROOT)/**";
			};
			name = Release;
		};
		DCD5FF151BA2AA4A00341183 /* Debug */ = {
			isa = XCBuildConfiguration;
			buildSettings = {
				BUNDLE_LOADER = "$(TEST_HOST)";
				FRAMEWORK_SEARCH_PATHS = (
					"$(SDKROOT)/Developer/Library/Frameworks",
					"$(inherited)",
				);
				GCC_PREPROCESSOR_DEFINITIONS = (
					"DEBUG=1",
					"$(inherited)",
				);
				INFOPLIST_FILE = PACS_CAMERATests/Info.plist;
				LD_RUNPATH_SEARCH_PATHS = "$(inherited) @executable_path/Frameworks @loader_path/Frameworks";
				PRODUCT_NAME = "$(TARGET_NAME)";
				TEST_HOST = "$(BUILT_PRODUCTS_DIR)/PACS_CAMERA.app/PACS_CAMERA";
			};
			name = Debug;
		};
		DCD5FF161BA2AA4A00341183 /* Release */ = {
			isa = XCBuildConfiguration;
			buildSettings = {
				BUNDLE_LOADER = "$(TEST_HOST)";
				FRAMEWORK_SEARCH_PATHS = (
					"$(SDKROOT)/Developer/Library/Frameworks",
					"$(inherited)",
				);
				INFOPLIST_FILE = PACS_CAMERATests/Info.plist;
				LD_RUNPATH_SEARCH_PATHS = "$(inherited) @executable_path/Frameworks @loader_path/Frameworks";
				PRODUCT_NAME = "$(TARGET_NAME)";
				TEST_HOST = "$(BUILT_PRODUCTS_DIR)/PACS_CAMERA.app/PACS_CAMERA";
			};
			name = Release;
		};
/* End XCBuildConfiguration section */

/* Begin XCConfigurationList section */
		DCD5FEE91BA2AA4A00341183 /* Build configuration list for PBXProject "PACS_CAMERA" */ = {
			isa = XCConfigurationList;
			buildConfigurations = (
				DCD5FF0F1BA2AA4A00341183 /* Debug */,
				DCD5FF101BA2AA4A00341183 /* Release */,
			);
			defaultConfigurationIsVisible = 0;
			defaultConfigurationName = Release;
		};
		DCD5FF111BA2AA4A00341183 /* Build configuration list for PBXNativeTarget "PACS_CAMERA" */ = {
			isa = XCConfigurationList;
			buildConfigurations = (
				DCD5FF121BA2AA4A00341183 /* Debug */,
				DCD5FF131BA2AA4A00341183 /* Release */,
			);
			defaultConfigurationIsVisible = 0;
			defaultConfigurationName = Release;
		};
		DCD5FF141BA2AA4A00341183 /* Build configuration list for PBXNativeTarget "PACS_CAMERATests" */ = {
			isa = XCConfigurationList;
			buildConfigurations = (
				DCD5FF151BA2AA4A00341183 /* Debug */,
				DCD5FF161BA2AA4A00341183 /* Release */,
			);
			defaultConfigurationIsVisible = 0;
			defaultConfigurationName = Release;
		};
/* End XCConfigurationList section */

/* Begin XCVersionGroup section */
		DCD5FF191BA659E100341183 /* Model.xcdatamodeld */ = {
			isa = XCVersionGroup;
			children = (
				DCD5FF1A1BA659E100341183 /* Model.xcdatamodel */,
			);
			currentVersion = DCD5FF1A1BA659E100341183 /* Model.xcdatamodel */;
			path = Model.xcdatamodeld;
			sourceTree = "<group>";
			versionGroupType = wrapper.xcdatamodel;
		};
/* End XCVersionGroup section */
	};
	rootObject = DCD5FEE61BA2AA4A00341183 /* Project object */;
}
